
Microsoft Visual Studio Solution File, Format Version 12.00
# Visual Studio Version 17
VisualStudioVersion = 17.7.34031.279
MinimumVisualStudioVersion = 10.0.40219.1
Project("{FAE04EC0-301F-11D3-BF4B-00C04F79EFBC}") = "WebAPIFaseA", "WebAPIFaseA\WebAPIFaseA.csproj", "{C8D30C3C-4A74-4D93-ADF9-49785F578554}"
EndProject
Global
	GlobalSection(SolutionConfigurationPlatforms) = preSolution
		Debug|Any CPU = Debug|Any CPU
		Release|Any CPU = Release|Any CPU
	EndGlobalSection
	GlobalSection(ProjectConfigurationPlatforms) = postSolution
		{C8D30C3C-4A74-4D93-ADF9-49785F578554}.Debug|Any CPU.ActiveCfg = Debug|Any CPU
		{C8D30C3C-4A74-4D93-ADF9-49785F578554}.Debug|Any CPU.Build.0 = Debug|Any CPU
		{C8D30C3C-4A74-4D93-ADF9-49785F578554}.Release|Any CPU.ActiveCfg = Release|Any CPU
		{C8D30C3C-4A74-4D93-ADF9-49785F578554}.Release|Any CPU.Build.0 = Release|Any CPU
	EndGlobalSection
	GlobalSection(SolutionProperties) = preSolution
		HideSolutionNode = FALSE
	EndGlobalSection
	GlobalSection(ExtensibilityGlobals) = postSolution
		SolutionGuid = {0190CFF7-6529-43C1-A7EB-F42611A6BD1C}
	EndGlobalSection
EndGlobal
